
Microsoft Visual Studio Solution File, Format Version 12.00
# Visual Studio Version 17
VisualStudioVersion = 17.9.34616.47
MinimumVisualStudioVersion = 10.0.40219.1
Project("{FAE04EC0-301F-11D3-BF4B-00C04F79EFBC}") = "TicTacToeServer", "TicTacToeServer\TicTacToeServer.csproj", "{D6A23906-EF28-4B70-8EC7-003435FDADF5}"
EndProject
Global
	GlobalSection(SolutionConfigurationPlatforms) = preSolution
		Debug|Any CPU = Debug|Any CPU
		Release|Any CPU = Release|Any CPU
	EndGlobalSection
	GlobalSection(ProjectConfigurationPlatforms) = postSolution
		{D6A23906-EF28-4B70-8EC7-003435FDADF5}.Debug|Any CPU.ActiveCfg = Debug|Any CPU
		{D6A23906-EF28-4B70-8EC7-003435FDADF5}.Debug|Any CPU.Build.0 = Debug|Any CPU
		{D6A23906-EF28-4B70-8EC7-003435FDADF5}.Release|Any CPU.ActiveCfg = Release|Any CPU
		{D6A23906-EF28-4B70-8EC7-003435FDADF5}.Release|Any CPU.Build.0 = Release|Any CPU
	EndGlobalSection
	GlobalSection(SolutionProperties) = preSolution
		HideSolutionNode = FALSE
	EndGlobalSection
	GlobalSection(ExtensibilityGlobals) = postSolution
		SolutionGuid = {A76692CD-7DF6-47B2-9E36-5938366602F4}
	EndGlobalSection
EndGlobal
