
Microsoft Visual Studio Solution File, Format Version 12.00
# Visual Studio Version 17
VisualStudioVersion = 17.9.34616.47
MinimumVisualStudioVersion = 10.0.40219.1
Project("{9A19103F-16F7-4668-BE54-9A1E7A4F7556}") = "OnlineTicTacToe", "OnlineTicTacToe\OnlineTicTacToe.csproj", "{F6730B4C-F56F-458E-BFEE-F389A1B0BE4C}"
EndProject
Project("{9A19103F-16F7-4668-BE54-9A1E7A4F7556}") = "TicTacToeServer", "..\TicTacToeServer\TicTacToeServer\TicTacToeServer.csproj", "{417725D1-F744-4000-B4DE-8594B2835AE0}"
EndProject
Global
	GlobalSection(SolutionConfigurationPlatforms) = preSolution
		Debug|Any CPU = Debug|Any CPU
		Release|Any CPU = Release|Any CPU
	EndGlobalSection
	GlobalSection(ProjectConfigurationPlatforms) = postSolution
		{F6730B4C-F56F-458E-BFEE-F389A1B0BE4C}.Debug|Any CPU.ActiveCfg = Debug|Any CPU
		{F6730B4C-F56F-458E-BFEE-F389A1B0BE4C}.Debug|Any CPU.Build.0 = Debug|Any CPU
		{F6730B4C-F56F-458E-BFEE-F389A1B0BE4C}.Release|Any CPU.ActiveCfg = Release|Any CPU
		{F6730B4C-F56F-458E-BFEE-F389A1B0BE4C}.Release|Any CPU.Build.0 = Release|Any CPU
		{417725D1-F744-4000-B4DE-8594B2835AE0}.Debug|Any CPU.ActiveCfg = Debug|Any CPU
		{417725D1-F744-4000-B4DE-8594B2835AE0}.Debug|Any CPU.Build.0 = Debug|Any CPU
		{417725D1-F744-4000-B4DE-8594B2835AE0}.Release|Any CPU.ActiveCfg = Release|Any CPU
		{417725D1-F744-4000-B4DE-8594B2835AE0}.Release|Any CPU.Build.0 = Release|Any CPU
	EndGlobalSection
	GlobalSection(SolutionProperties) = preSolution
		HideSolutionNode = FALSE
	EndGlobalSection
	GlobalSection(ExtensibilityGlobals) = postSolution
		SolutionGuid = {E073A238-6A9F-44BE-B5E9-C6733A59A294}
	EndGlobalSection
EndGlobal
